
Microsoft Visual Studio Solution File, Format Version 12.00
# Visual Studio 2013
VisualStudioVersion = 12.0.30723.0
MinimumVisualStudioVersion = 10.0.40219.1
Project("{2150E333-8FDC-42A3-9474-1A3956D46DE8}") = "OCRServer", "OCRServer", "{45F3ED66-8659-4D97-9F9A-144F1F9E952B}"
EndProject
Project("{D954291E-2A0B-460D-934E-DC6B0785DB48}") = "OCRServer.Shared", "OCRServer\OCRServer.Shared\OCRServer.Shared.shproj", "{FDA09656-08AA-4818-9C6B-1C2C2509C6C8}"
EndProject
Project("{FAE04EC0-301F-11D3-BF4B-00C04F79EFBC}") = "OCRServer.Windows", "OCRServer\OCRServer.Windows\OCRServer.Windows.csproj", "{1934C897-878B-413B-B1B0-B5B504A2702F}"
EndProject
Global
	GlobalSection(SharedMSBuildProjectFiles) = preSolution
		OCRServer\OCRServer.Shared\OCRServer.Shared.projitems*{fda09656-08aa-4818-9c6b-1c2c2509c6c8}*SharedItemsImports = 13
		OCRServer\OCRServer.Shared\OCRServer.Shared.projitems*{1934c897-878b-413b-b1b0-b5b504a2702f}*SharedItemsImports = 4
	EndGlobalSection
	GlobalSection(SolutionConfigurationPlatforms) = preSolution
		Debug|Any CPU = Debug|Any CPU
		Debug|ARM = Debug|ARM
		Debug|x64 = Debug|x64
		Debug|x86 = Debug|x86
		Release|Any CPU = Release|Any CPU
		Release|ARM = Release|ARM
		Release|x64 = Release|x64
		Release|x86 = Release|x86
	EndGlobalSection
	GlobalSection(ProjectConfigurationPlatforms) = postSolution
		{1934C897-878B-413B-B1B0-B5B504A2702F}.Debug|Any CPU.ActiveCfg = Debug|x64
		{1934C897-878B-413B-B1B0-B5B504A2702F}.Debug|Any CPU.Build.0 = Debug|x64
		{1934C897-878B-413B-B1B0-B5B504A2702F}.Debug|Any CPU.Deploy.0 = Debug|x64
		{1934C897-878B-413B-B1B0-B5B504A2702F}.Debug|ARM.ActiveCfg = Debug|ARM
		{1934C897-878B-413B-B1B0-B5B504A2702F}.Debug|ARM.Build.0 = Debug|ARM
		{1934C897-878B-413B-B1B0-B5B504A2702F}.Debug|ARM.Deploy.0 = Debug|ARM
		{1934C897-878B-413B-B1B0-B5B504A2702F}.Debug|x64.ActiveCfg = Debug|x64
		{1934C897-878B-413B-B1B0-B5B504A2702F}.Debug|x64.Build.0 = Debug|x64
		{1934C897-878B-413B-B1B0-B5B504A2702F}.Debug|x64.Deploy.0 = Debug|x64
		{1934C897-878B-413B-B1B0-B5B504A2702F}.Debug|x86.ActiveCfg = Debug|x86
		{1934C897-878B-413B-B1B0-B5B504A2702F}.Debug|x86.Build.0 = Debug|x86
		{1934C897-878B-413B-B1B0-B5B504A2702F}.Debug|x86.Deploy.0 = Debug|x86
		{1934C897-878B-413B-B1B0-B5B504A2702F}.Release|Any CPU.ActiveCfg = Release|Any CPU
		{1934C897-878B-413B-B1B0-B5B504A2702F}.Release|Any CPU.Build.0 = Release|Any CPU
		{1934C897-878B-413B-B1B0-B5B504A2702F}.Release|Any CPU.Deploy.0 = Release|Any CPU
		{1934C897-878B-413B-B1B0-B5B504A2702F}.Release|ARM.ActiveCfg = Release|ARM
		{1934C897-878B-413B-B1B0-B5B504A2702F}.Release|ARM.Build.0 = Release|ARM
		{1934C897-878B-413B-B1B0-B5B504A2702F}.Release|ARM.Deploy.0 = Release|ARM
		{1934C897-878B-413B-B1B0-B5B504A2702F}.Release|x64.ActiveCfg = Release|x64
		{1934C897-878B-413B-B1B0-B5B504A2702F}.Release|x64.Build.0 = Release|x64
		{1934C897-878B-413B-B1B0-B5B504A2702F}.Release|x64.Deploy.0 = Release|x64
		{1934C897-878B-413B-B1B0-B5B504A2702F}.Release|x86.ActiveCfg = Release|x86
		{1934C897-878B-413B-B1B0-B5B504A2702F}.Release|x86.Build.0 = Release|x86
		{1934C897-878B-413B-B1B0-B5B504A2702F}.Release|x86.Deploy.0 = Release|x86
	EndGlobalSection
	GlobalSection(SolutionProperties) = preSolution
		HideSolutionNode = FALSE
	EndGlobalSection
	GlobalSection(NestedProjects) = preSolution
		{FDA09656-08AA-4818-9C6B-1C2C2509C6C8} = {45F3ED66-8659-4D97-9F9A-144F1F9E952B}
		{1934C897-878B-413B-B1B0-B5B504A2702F} = {45F3ED66-8659-4D97-9F9A-144F1F9E952B}
	EndGlobalSection
EndGlobal
